<?xml version="1.0" encoding="utf-8"?>
<Project ToolsVersion="4.0" xmlns="http://schemas.microsoft.com/developer/msbuild/2003">
  <ItemGroup>
    <Filter Include="Form Files">
      <UniqueIdentifier>{99349809-55BA-4b9d-BF79-8FDBB0286EB3}</UniqueIdentifier>
      <Extensions>ui</Extensions>
    </Filter>
    <Filter Include="headers">
      <UniqueIdentifier>{93995380-89BD-4b04-88EB-625FBE52EBFB}</UniqueIdentifier>
      <Extensions>h;hh;hpp;hxx;hm;inl;inc;xsd</Extensions>
    </Filter>
    <Filter Include="src">
      <UniqueIdentifier>{4FC737F1-C7A5-4376-A066-2A32D752A2FF}</UniqueIdentifier>
      <Extensions>qml;cpp;c;cc;cxx;def;odl;idl;hpj;bat;asm;asmx</Extensions>
    </Filter>
    <Filter Include="resources">
      <UniqueIdentifier>{8a32cf5f-9e32-4050-a060-2b93b22b3fde}</UniqueIdentifier>
    </Filter>
    <Filter Include="src\Translation Files">
      <UniqueIdentifier>{639EADAA-A684-42e4-A9AD-28FC9BCB8F7C}</UniqueIdentifier>
      <Extensions>ts</Extensions>
    </Filter>
  </ItemGroup>
  <ItemGroup>
    <ClCompile Include="main.cpp">
      <Filter>src</Filter>
    </ClCompile>
    <ClCompile Include="src\stdafx.cpp">
      <Filter>src</Filter>
    </ClCompile>
    <ClCompile Include="src\Visualizer.cpp">
      <Filter>src</Filter>
    </ClCompile>
    <ClCompile Include="src\BooleanOperations.cpp">
      <Filter>src</Filter>
    </ClCompile>
    <ClCompile Include="src\Point2D.cpp">
      <Filter>src</Filter>
    </ClCompile>
    <ClCompile Include="src\Point3D.cpp">
      <Filter>src</Filter>
    </ClCompile>
    <ClCompile Include="src\STLReader.cpp">
      <Filter>src</Filter>
    </ClCompile>
    <ClCompile Include="src\STLWriter.cpp">
      <Filter>src</Filter>
    </ClCompile>
    <ClCompile Include="src\Triangle.cpp">
      <Filter>src</Filter>
    </ClCompile>
    <ClCompile Include="src\Triangulation.cpp">
      <Filter>src</Filter>
    </ClCompile>
    <ClCompile Include="src\OpenGLWindow.cpp">
      <Filter>src</Filter>
    </ClCompile>
    <ClCompile Include="src\Sutherland.cpp">
      <Filter>src</Filter>
    </ClCompile>
    <ClCompile Include="src\Surface.cpp">
      <Filter>src</Filter>
    </ClCompile>
  </ItemGroup>
  <ItemGroup>
    <QtMoc Include="headers\OpenGLWindow.h">
      <Filter>headers</Filter>
    </QtMoc>
    <QtMoc Include="headers\Visualizer.h">
      <Filter>headers</Filter>
    </QtMoc>
  </ItemGroup>
  <ItemGroup>
    <ClInclude Include="headers\stdafx.h">
      <Filter>headers</Filter>
    </ClInclude>
    <ClInclude Include="headers\Point2D.h">
      <Filter>headers</Filter>
    </ClInclude>
    <ClInclude Include="headers\Point3D.h">
      <Filter>headers</Filter>
    </ClInclude>
    <ClInclude Include="headers\Triangle.h">
      <Filter>headers</Filter>
    </ClInclude>
    <ClInclude Include="headers\Triangulation.h">
      <Filter>headers</Filter>
    </ClInclude>
    <ClInclude Include="headers\BooleanOperations.h">
      <Filter>headers</Filter>
    </ClInclude>
    <ClInclude Include="headers\STLReader.h">
      <Filter>headers</Filter>
    </ClInclude>
    <ClInclude Include="headers\STLWriter.h">
      <Filter>headers</Filter>
    </ClInclude>
    <ClInclude Include="headers\SutherLand.h">
      <Filter>headers</Filter>
    </ClInclude>
    <ClInclude Include="headers\Surface.h">
      <Filter>headers</Filter>
    </ClInclude>
  </ItemGroup>
  <ItemGroup>
    <None Include="resources\cube1.stl">
      <Filter>resources</Filter>
    </None>
    <None Include="resources\cube2.stl">
      <Filter>resources</Filter>
    </None>
    <None Include="resources\sphere.stl">
      <Filter>resources</Filter>
    </None>
  </ItemGroup>
</Project>